
Microsoft Visual Studio Solution File, Format Version 12.00
# Visual Studio Version 17
VisualStudioVersion = 17.2.32630.192
MinimumVisualStudioVersion = 10.0.40219.1
Project("{FAE04EC0-301F-11D3-BF4B-00C04F79EFBC}") = "POM_test", "POM_test\POM_test.csproj", "{40CB6F4B-AEB4-4C39-87C5-F394B2D3186A}"
EndProject
Global
	GlobalSection(SolutionConfigurationPlatforms) = preSolution
		Debug|Any CPU = Debug|Any CPU
		Release|Any CPU = Release|Any CPU
	EndGlobalSection
	GlobalSection(ProjectConfigurationPlatforms) = postSolution
		{40CB6F4B-AEB4-4C39-87C5-F394B2D3186A}.Debug|Any CPU.ActiveCfg = Debug|Any CPU
		{40CB6F4B-AEB4-4C39-87C5-F394B2D3186A}.Debug|Any CPU.Build.0 = Debug|Any CPU
		{40CB6F4B-AEB4-4C39-87C5-F394B2D3186A}.Release|Any CPU.ActiveCfg = Release|Any CPU
		{40CB6F4B-AEB4-4C39-87C5-F394B2D3186A}.Release|Any CPU.Build.0 = Release|Any CPU
	EndGlobalSection
	GlobalSection(SolutionProperties) = preSolution
		HideSolutionNode = FALSE
	EndGlobalSection
	GlobalSection(ExtensibilityGlobals) = postSolution
		SolutionGuid = {04630BBC-0F5C-4147-9CCD-62EBA33160D4}
	EndGlobalSection
EndGlobal
